// !$*UTF8*$!
{
	archiveVersion = 1;
	classes = {
	};
	objectVersion = 46;
	objects = {

/* Begin PBXBuildFile section */
		5E00576C1B77331B00A23D35 /* MemorandumDataModel.m in Sources */ = {isa = PBXBuildFile; fileRef = 5E00576B1B77331B00A23D35 /* MemorandumDataModel.m */; };
		5E0495BD19E3F57C0060E3DF /* Foundation.framework in Frameworks */ = {isa = PBXBuildFile; fileRef = 5E0495BC19E3F57C0060E3DF /* Foundation.framework */; };
		5E0495BF19E3F57C0060E3DF /* CoreGraphics.framework in Frameworks */ = {isa = PBXBuildFile; fileRef = 5E0495BE19E3F57C0060E3DF /* CoreGraphics.framework */; };
		5E0495C119E3F57C0060E3DF /* UIKit.framework in Frameworks */ = {isa = PBXBuildFile; fileRef = 5E0495C019E3F57C0060E3DF /* UIKit.framework */; };
		5E0495C719E3F57C0060E3DF /* InfoPlist.strings in Resources */ = {isa = PBXBuildFile; fileRef = 5E0495C519E3F57C0060E3DF /* InfoPlist.strings */; };
		5E0495C919E3F57C0060E3DF /* main.m in Sources */ = {isa = PBXBuildFile; fileRef = 5E0495C819E3F57C0060E3DF /* main.m */; };
		5E0495CD19E3F57C0060E3DF /* AppDelegate.m in Sources */ = {isa = PBXBuildFile; fileRef = 5E0495CC19E3F57C0060E3DF /* AppDelegate.m */; };
		5E0495D019E3F57C0060E3DF /* Main.storyboard in Resources */ = {isa = PBXBuildFile; fileRef = 5E0495CE19E3F57C0060E3DF /* Main.storyboard */; };
		5E0495D319E3F57C0060E3DF /* ViewController.m in Sources */ = {isa = PBXBuildFile; fileRef = 5E0495D219E3F57C0060E3DF /* ViewController.m */; };
		5E0495D519E3F57C0060E3DF /* Images.xcassets in Resources */ = {isa = PBXBuildFile; fileRef = 5E0495D419E3F57C0060E3DF /* Images.xcassets */; };
		5E0495DC19E3F57C0060E3DF /* XCTest.framework in Frameworks */ = {isa = PBXBuildFile; fileRef = 5E0495DB19E3F57C0060E3DF /* XCTest.framework */; };
		5E0495DD19E3F57C0060E3DF /* Foundation.framework in Frameworks */ = {isa = PBXBuildFile; fileRef = 5E0495BC19E3F57C0060E3DF /* Foundation.framework */; };
		5E0495DE19E3F57C0060E3DF /* UIKit.framework in Frameworks */ = {isa = PBXBuildFile; fileRef = 5E0495C019E3F57C0060E3DF /* UIKit.framework */; };
		5E0495E619E3F57C0060E3DF /* InfoPlist.strings in Resources */ = {isa = PBXBuildFile; fileRef = 5E0495E419E3F57C0060E3DF /* InfoPlist.strings */; };
		5E0495E819E3F57C0060E3DF /* MemorandumTests.m in Sources */ = {isa = PBXBuildFile; fileRef = 5E0495E719E3F57C0060E3DF /* MemorandumTests.m */; };
		5E0495F319E3F7910060E3DF /* EditViewController.m in Sources */ = {isa = PBXBuildFile; fileRef = 5E0495F219E3F7910060E3DF /* EditViewController.m */; };
		5E0495F71B76F4010060E3DF /* DBUtils.m in Sources */ = {isa = PBXBuildFile; fileRef = 5E0495F61B76F4010060E3DF /* DBUtils.m */; };
		5E0495F91B76F4150060E3DF /* libsqlite3.0.dylib in Frameworks */ = {isa = PBXBuildFile; fileRef = 5E0495F81B76F4150060E3DF /* libsqlite3.0.dylib */; };
		5E0495FB1B76F4200060E3DF /* libsqlite3.dylib in Frameworks */ = {isa = PBXBuildFile; fileRef = 5E0495FA1B76F4200060E3DF /* libsqlite3.dylib */; };
		5E0496001B76F66C0060E3DF /* CustomCell.m in Sources */ = {isa = PBXBuildFile; fileRef = 5E0495FF1B76F66C0060E3DF /* CustomCell.m */; };
		5E0496061B7704B80060E3DF /* CustomCell.xib in Resources */ = {isa = PBXBuildFile; fileRef = 5E0496051B7704B80060E3DF /* CustomCell.xib */; };
		5E0496091B77051E0060E3DF /* CustomTableViewController.m in Sources */ = {isa = PBXBuildFile; fileRef = 5E0496081B77051E0060E3DF /* CustomTableViewController.m */; };
/* End PBXBuildFile section */

/* Begin PBXContainerItemProxy section */
		5E0495DF19E3F57C0060E3DF /* PBXContainerItemProxy */ = {
			isa = PBXContainerItemProxy;
			containerPortal = 5E0495B119E3F57C0060E3DF /* Project object */;
			proxyType = 1;
			remoteGlobalIDString = 5E0495B819E3F57C0060E3DF;
			remoteInfo = Memorandum;
		};
/* End PBXContainerItemProxy section */

/* Begin PBXFileReference section */
		5E00576A1B77331B00A23D35 /* MemorandumDataModel.h */ = {isa = PBXFileReference; fileEncoding = 4; lastKnownFileType = sourcecode.c.h; path = MemorandumDataModel.h; sourceTree = "<group>"; };
		5E00576B1B77331B00A23D35 /* MemorandumDataModel.m */ = {isa = PBXFileReference; fileEncoding = 4; lastKnownFileType = sourcecode.c.objc; path = MemorandumDataModel.m; sourceTree = "<group>"; };
		5E0495B919E3F57C0060E3DF /* Memorandum.app */ = {isa = PBXFileReference; explicitFileType = wrapper.application; includeInIndex = 0; path = Memorandum.app; sourceTree = BUILT_PRODUCTS_DIR; };
		5E0495BC19E3F57C0060E3DF /* Foundation.framework */ = {isa = PBXFileReference; lastKnownFileType = wrapper.framework; name = Foundation.framework; path = System/Library/Frameworks/Foundation.framework; sourceTree = SDKROOT; };
		5E0495BE19E3F57C0060E3DF /* CoreGraphics.framework */ = {isa = PBXFileReference; lastKnownFileType = wrapper.framework; name = CoreGraphics.framework; path = System/Library/Frameworks/CoreGraphics.framework; sourceTree = SDKROOT; };
		5E0495C019E3F57C0060E3DF /* UIKit.framework */ = {isa = PBXFileReference; lastKnownFileType = wrapper.framework; name = UIKit.framework; path = System/Library/Frameworks/UIKit.framework; sourceTree = SDKROOT; };
		5E0495C419E3F57C0060E3DF /* Memorandum-Info.plist */ = {isa = PBXFileReference; lastKnownFileType = text.plist.xml; path = "Memorandum-Info.plist"; sourceTree = "<group>"; };
		5E0495C619E3F57C0060E3DF /* en */ = {isa = PBXFileReference; lastKnownFileType = text.plist.strings; name = en; path = en.lproj/InfoPlist.strings; sourceTree = "<group>"; };
		5E0495C819E3F57C0060E3DF /* main.m */ = {isa = PBXFileReference; lastKnownFileType = sourcecode.c.objc; path = main.m; sourceTree = "<group>"; };
		5E0495CA19E3F57C0060E3DF /* Memorandum-Prefix.pch */ = {isa = PBXFileReference; lastKnownFileType = sourcecode.c.h; path = "Memorandum-Prefix.pch"; sourceTree = "<group>"; };
		5E0495CB19E3F57C0060E3DF /* AppDelegate.h */ = {isa = PBXFileReference; lastKnownFileType = sourcecode.c.h; path = AppDelegate.h; sourceTree = "<group>"; };
		5E0495CC19E3F57C0060E3DF /* AppDelegate.m */ = {isa = PBXFileReference; lastKnownFileType = sourcecode.c.objc; path = AppDelegate.m; sourceTree = "<group>"; };
		5E0495CF19E3F57C0060E3DF /* Base */ = {isa = PBXFileReference; lastKnownFileType = file.storyboard; name = Base; path = Base.lproj/Main.storyboard; sourceTree = "<group>"; };
		5E0495D119E3F57C0060E3DF /* ViewController.h */ = {isa = PBXFileReference; lastKnownFileType = sourcecode.c.h; path = ViewController.h; sourceTree = "<group>"; };
		5E0495D219E3F57C0060E3DF /* ViewController.m */ = {isa = PBXFileReference; lastKnownFileType = sourcecode.c.objc; path = ViewController.m; sourceTree = "<group>"; };
		5E0495D419E3F57C0060E3DF /* Images.xcassets */ = {isa = PBXFileReference; lastKnownFileType = folder.assetcatalog; path = Images.xcassets; sourceTree = "<group>"; };
		5E0495DA19E3F57C0060E3DF /* MemorandumTests.xctest */ = {isa = PBXFileReference; explicitFileType = wrapper.cfbundle; includeInIndex = 0; path = MemorandumTests.xctest; sourceTree = BUILT_PRODUCTS_DIR; };
		5E0495DB19E3F57C0060E3DF /* XCTest.framework */ = {isa = PBXFileReference; lastKnownFileType = wrapper.framework; name = XCTest.framework; path = Library/Frameworks/XCTest.framework; sourceTree = DEVELOPER_DIR; };
		5E0495E319E3F57C0060E3DF /* MemorandumTests-Info.plist */ = {isa = PBXFileReference; lastKnownFileType = text.plist.xml; path = "MemorandumTests-Info.plist"; sourceTree = "<group>"; };
		5E0495E519E3F57C0060E3DF /* en */ = {isa = PBXFileReference; lastKnownFileType = text.plist.strings; name = en; path = en.lproj/InfoPlist.strings; sourceTree = "<group>"; };
		5E0495E719E3F57C0060E3DF /* MemorandumTests.m */ = {isa = PBXFileReference; lastKnownFileType = sourcecode.c.objc; path = MemorandumTests.m; sourceTree = "<group>"; };
		5E0495F119E3F7910060E3DF /* EditViewController.h */ = {isa = PBXFileReference; fileEncoding = 4; lastKnownFileType = sourcecode.c.h; path = EditViewController.h; sourceTree = "<group>"; };
		5E0495F219E3F7910060E3DF /* EditViewController.m */ = {isa = PBXFileReference; fileEncoding = 4; lastKnownFileType = sourcecode.c.objc; path = EditViewController.m; sourceTree = "<group>"; };
		5E0495F51B76F4010060E3DF /* DBUtils.h */ = {isa = PBXFileReference; fileEncoding = 4; lastKnownFileType = sourcecode.c.h; path = DBUtils.h; sourceTree = "<group>"; };
		5E0495F61B76F4010060E3DF /* DBUtils.m */ = {isa = PBXFileReference; fileEncoding = 4; lastKnownFileType = sourcecode.c.objc; path = DBUtils.m; sourceTree = "<group>"; };
		5E0495F81B76F4150060E3DF /* libsqlite3.0.dylib */ = {isa = PBXFileReference; lastKnownFileType = "compiled.mach-o.dylib"; name = libsqlite3.0.dylib; path = usr/lib/libsqlite3.0.dylib; sourceTree = SDKROOT; };
		5E0495FA1B76F4200060E3DF /* libsqlite3.dylib */ = {isa = PBXFileReference; lastKnownFileType = "compiled.mach-o.dylib"; name = libsqlite3.dylib; path = usr/lib/libsqlite3.dylib; sourceTree = SDKROOT; };
		5E0495FE1B76F66C0060E3DF /* CustomCell.h */ = {isa = PBXFileReference; fileEncoding = 4; lastKnownFileType = sourcecode.c.h; path = CustomCell.h; sourceTree = "<group>"; };
		5E0495FF1B76F66C0060E3DF /* CustomCell.m */ = {isa = PBXFileReference; fileEncoding = 4; lastKnownFileType = sourcecode.c.objc; path = CustomCell.m; sourceTree = "<group>"; };
		5E0496051B7704B80060E3DF /* CustomCell.xib */ = {isa = PBXFileReference; fileEncoding = 4; lastKnownFileType = file.xib; path = CustomCell.xib; sourceTree = "<group>"; };
		5E0496071B77051E0060E3DF /* CustomTableViewController.h */ = {isa = PBXFileReference; fileEncoding = 4; lastKnownFileType = sourcecode.c.h; path = CustomTableViewController.h; sourceTree = "<group>"; };
		5E0496081B77051E0060E3DF /* CustomTableViewController.m */ = {isa = PBXFileReference; fileEncoding = 4; lastKnownFileType = sourcecode.c.objc; path = CustomTableViewController.m; sourceTree = "<group>"; };
/* End PBXFileReference section */

/* Begin PBXFrameworksBuildPhase section */
		5E0495B619E3F57C0060E3DF /* Frameworks */ = {
			isa = PBXFrameworksBuildPhase;
			buildActionMask = 2147483647;
			files = (
				5E0495FB1B76F4200060E3DF /* libsqlite3.dylib in Frameworks */,
				5E0495F91B76F4150060E3DF /* libsqlite3.0.dylib in Frameworks */,
				5E0495BF19E3F57C0060E3DF /* CoreGraphics.framework in Frameworks */,
				5E0495C119E3F57C0060E3DF /* UIKit.framework in Frameworks */,
				5E0495BD19E3F57C0060E3DF /* Foundation.framework in Frameworks */,
			);
			runOnlyForDeploymentPostprocessing = 0;
		};
		5E0495D719E3F57C0060E3DF /* Frameworks */ = {
			isa = PBXFrameworksBuildPhase;
			buildActionMask = 2147483647;
			files = (
				5E0495DC19E3F57C0060E3DF /* XCTest.framework in Frameworks */,
				5E0495DE19E3F57C0060E3DF /* UIKit.framework in Frameworks */,
				5E0495DD19E3F57C0060E3DF /* Foundation.framework in Frameworks */,
			);
			runOnlyForDeploymentPostprocessing = 0;
		};
/* End PBXFrameworksBuildPhase section */

/* Begin PBXGroup section */
		5E0057661B7732C900A23D35 /* Model */ = {
			isa = PBXGroup;
			children = (
				5E00576A1B77331B00A23D35 /* MemorandumDataModel.h */,
				5E00576B1B77331B00A23D35 /* MemorandumDataModel.m */,
			);
			name = Model;
			sourceTree = "<group>";
		};
		5E0495B019E3F57C0060E3DF = {
			isa = PBXGroup;
			children = (
				5E0495C219E3F57C0060E3DF /* Memorandum */,
				5E0495E119E3F57C0060E3DF /* MemorandumTests */,
				5E0495BB19E3F57C0060E3DF /* Frameworks */,
				5E0495BA19E3F57C0060E3DF /* Products */,
			);
			sourceTree = "<group>";
		};
		5E0495BA19E3F57C0060E3DF /* Products */ = {
			isa = PBXGroup;
			children = (
				5E0495B919E3F57C0060E3DF /* Memorandum.app */,
				5E0495DA19E3F57C0060E3DF /* MemorandumTests.xctest */,
			);
			name = Products;
			sourceTree = "<group>";
		};
		5E0495BB19E3F57C0060E3DF /* Frameworks */ = {
			isa = PBXGroup;
			children = (
				5E0495FA1B76F4200060E3DF /* libsqlite3.dylib */,
				5E0495F81B76F4150060E3DF /* libsqlite3.0.dylib */,
				5E0495BC19E3F57C0060E3DF /* Foundation.framework */,
				5E0495BE19E3F57C0060E3DF /* CoreGraphics.framework */,
				5E0495C019E3F57C0060E3DF /* UIKit.framework */,
				5E0495DB19E3F57C0060E3DF /* XCTest.framework */,
			);
			name = Frameworks;
			sourceTree = "<group>";
		};
		5E0495C219E3F57C0060E3DF /* Memorandum */ = {
			isa = PBXGroup;
			children = (
				5E2614821AED0FA400806C5E /* resource */,
				5E0057661B7732C900A23D35 /* Model */,
				5E0496011B76F6720060E3DF /* TableViewCell */,
				5E0495F41B76F3D80060E3DF /* tools */,
				5E0495CB19E3F57C0060E3DF /* AppDelegate.h */,
				5E0495CC19E3F57C0060E3DF /* AppDelegate.m */,
				5E0495CE19E3F57C0060E3DF /* Main.storyboard */,
				5E0495F119E3F7910060E3DF /* EditViewController.h */,
				5E0495F219E3F7910060E3DF /* EditViewController.m */,
				5E0495D119E3F57C0060E3DF /* ViewController.h */,
				5E0495D219E3F57C0060E3DF /* ViewController.m */,
				5E0496071B77051E0060E3DF /* CustomTableViewController.h */,
				5E0496081B77051E0060E3DF /* CustomTableViewController.m */,
				5E0495D419E3F57C0060E3DF /* Images.xcassets */,
				5E0495C319E3F57C0060E3DF /* Supporting Files */,
			);
			path = Memorandum;
			sourceTree = "<group>";
		};
		5E0495C319E3F57C0060E3DF /* Supporting Files */ = {
			isa = PBXGroup;
			children = (
				5E0495C419E3F57C0060E3DF /* Memorandum-Info.plist */,
				5E0495C519E3F57C0060E3DF /* InfoPlist.strings */,
				5E0495C819E3F57C0060E3DF /* main.m */,
				5E0495CA19E3F57C0060E3DF /* Memorandum-Prefix.pch */,
			);
			name = "Supporting Files";
			sourceTree = "<group>";
		};
		5E0495E119E3F57C0060E3DF /* MemorandumTests */ = {
			isa = PBXGroup;
			children = (
				5E0495E719E3F57C0060E3DF /* MemorandumTests.m */,
				5E0495E219E3F57C0060E3DF /* Supporting Files */,
			);
			path = MemorandumTests;
			sourceTree = "<group>";
		};
		5E0495E219E3F57C0060E3DF /* Supporting Files */ = {
			isa = PBXGroup;
			children = (
				5E0495E319E3F57C0060E3DF /* MemorandumTests-Info.plist */,
				5E0495E419E3F57C0060E3DF /* InfoPlist.strings */,
			);
			name = "Supporting Files";
			sourceTree = "<group>";
		};
		5E0495F41B76F3D80060E3DF /* tools */ = {
			isa = PBXGroup;
			children = (
				5E0495F51B76F4010060E3DF /* DBUtils.h */,
				5E0495F61B76F4010060E3DF /* DBUtils.m */,
			);
			name = tools;
			sourceTree = "<group>";
		};
		5E0496011B76F6720060E3DF /* TableViewCell */ = {
			isa = PBXGroup;
			children = (
				5E0495FE1B76F66C0060E3DF /* CustomCell.h */,
				5E0495FF1B76F66C0060E3DF /* CustomCell.m */,
				5E0496051B7704B80060E3DF /* CustomCell.xib */,
			);
			name = TableViewCell;
			sourceTree = "<group>";
		};
		5E2614821AED0FA400806C5E /* resource */ = {
			isa = PBXGroup;
			children = (
			);
			name = resource;
			sourceTree = "<group>";
		};
/* End PBXGroup section */

/* Begin PBXNativeTarget section */
		5E0495B819E3F57C0060E3DF /* Memorandum */ = {
			isa = PBXNativeTarget;
			buildConfigurationList = 5E0495EB19E3F57C0060E3DF /* Build configuration list for PBXNativeTarget "Memorandum" */;
			buildPhases = (
				5E0495B519E3F57C0060E3DF /* Sources */,
				5E0495B619E3F57C0060E3DF /* Frameworks */,
				5E0495B719E3F57C0060E3DF /* Resources */,
			);
			buildRules = (
			);
			dependencies = (
			);
			name = Memorandum;
			productName = Memorandum;
			productReference = 5E0495B919E3F57C0060E3DF /* Memorandum.app */;
			productType = "com.apple.product-type.application";
		};
		5E0495D919E3F57C0060E3DF /* MemorandumTests */ = {
			isa = PBXNativeTarget;
			buildConfigurationList = 5E0495EE19E3F57C0060E3DF /* Build configuration list for PBXNativeTarget "MemorandumTests" */;
			buildPhases = (
				5E0495D619E3F57C0060E3DF /* Sources */,
				5E0495D719E3F57C0060E3DF /* Frameworks */,
				5E0495D819E3F57C0060E3DF /* Resources */,
			);
			buildRules = (
			);
			dependencies = (
				5E0495E019E3F57C0060E3DF /* PBXTargetDependency */,
			);
			name = MemorandumTests;
			productName = MemorandumTests;
			productReference = 5E0495DA19E3F57C0060E3DF /* MemorandumTests.xctest */;
			productType = "com.apple.product-type.bundle.unit-test";
		};
/* End PBXNativeTarget section */

/* Begin PBXProject section */
		5E0495B119E3F57C0060E3DF /* Project object */ = {
			isa = PBXProject;
			attributes = {
				LastUpgradeCheck = 0510;
				ORGANIZATIONNAME = www.lzqok.cn;
				TargetAttributes = {
					5E0495D919E3F57C0060E3DF = {
						TestTargetID = 5E0495B819E3F57C0060E3DF;
					};
				};
			};
			buildConfigurationList = 5E0495B419E3F57C0060E3DF /* Build configuration list for PBXProject "Memorandum" */;
			compatibilityVersion = "Xcode 3.2";
			developmentRegion = English;
			hasScannedForEncodings = 0;
			knownRegions = (
				en,
				Base,
			);
			mainGroup = 5E0495B019E3F57C0060E3DF;
			productRefGroup = 5E0495BA19E3F57C0060E3DF /* Products */;
			projectDirPath = "";
			projectRoot = "";
			targets = (
				5E0495B819E3F57C0060E3DF /* Memorandum */,
				5E0495D919E3F57C0060E3DF /* MemorandumTests */,
			);
		};
/* End PBXProject section */

/* Begin PBXResourcesBuildPhase section */
		5E0495B719E3F57C0060E3DF /* Resources */ = {
			isa = PBXResourcesBuildPhase;
			buildActionMask = 2147483647;
			files = (
				5E0496061B7704B80060E3DF /* CustomCell.xib in Resources */,
				5E0495D519E3F57C0060E3DF /* Images.xcassets in Resources */,
				5E0495C719E3F57C0060E3DF /* InfoPlist.strings in Resources */,
				5E0495D019E3F57C0060E3DF /* Main.storyboard in Resources */,
			);
			runOnlyForDeploymentPostprocessing = 0;
		};
		5E0495D819E3F57C0060E3DF /* Resources */ = {
			isa = PBXResourcesBuildPhase;
			buildActionMask = 2147483647;
			files = (
				5E0495E619E3F57C0060E3DF /* InfoPlist.strings in Resources */,
			);
			runOnlyForDeploymentPostprocessing = 0;
		};
/* End PBXResourcesBuildPhase section */

/* Begin PBXSourcesBuildPhase section */
		5E0495B519E3F57C0060E3DF /* Sources */ = {
			isa = PBXSourcesBuildPhase;
			buildActionMask = 2147483647;
			files = (
				5E00576C1B77331B00A23D35 /* MemorandumDataModel.m in Sources */,
				5E0496091B77051E0060E3DF /* CustomTableViewController.m in Sources */,
				5E0495F319E3F7910060E3DF /* EditViewController.m in Sources */,
				5E0495D319E3F57C0060E3DF /* ViewController.m in Sources */,
				5E0496001B76F66C0060E3DF /* CustomCell.m in Sources */,
				5E0495CD19E3F57C0060E3DF /* AppDelegate.m in Sources */,
				5E0495F71B76F4010060E3DF /* DBUtils.m in Sources */,
				5E0495C919E3F57C0060E3DF /* main.m in Sources */,
			);
			runOnlyForDeploymentPostprocessing = 0;
		};
		5E0495D619E3F57C0060E3DF /* Sources */ = {
			isa = PBXSourcesBuildPhase;
			buildActionMask = 2147483647;
			files = (
				5E0495E819E3F57C0060E3DF /* MemorandumTests.m in Sources */,
			);
			runOnlyForDeploymentPostprocessing = 0;
		};
/* End PBXSourcesBuildPhase section */

/* Begin PBXTargetDependency section */
		5E0495E019E3F57C0060E3DF /* PBXTargetDependency */ = {
			isa = PBXTargetDependency;
			target = 5E0495B819E3F57C0060E3DF /* Memorandum */;
			targetProxy = 5E0495DF19E3F57C0060E3DF /* PBXContainerItemProxy */;
		};
/* End PBXTargetDependency section */

/* Begin PBXVariantGroup section */
		5E0495C519E3F57C0060E3DF /* InfoPlist.strings */ = {
			isa = PBXVariantGroup;
			children = (
				5E0495C619E3F57C0060E3DF /* en */,
			);
			name = InfoPlist.strings;
			sourceTree = "<group>";
		};
		5E0495CE19E3F57C0060E3DF /* Main.storyboard */ = {
			isa = PBXVariantGroup;
			children = (
				5E0495CF19E3F57C0060E3DF /* Base */,
			);
			name = Main.storyboard;
			sourceTree = "<group>";
		};
		5E0495E419E3F57C0060E3DF /* InfoPlist.strings */ = {
			isa = PBXVariantGroup;
			children = (
				5E0495E519E3F57C0060E3DF /* en */,
			);
			name = InfoPlist.strings;
			sourceTree = "<group>";
		};
/* End PBXVariantGroup section */

/* Begin XCBuildConfiguration section */
		5E0495E919E3F57C0060E3DF /* Debug */ = {
			isa = XCBuildConfiguration;
			buildSettings = {
				ALWAYS_SEARCH_USER_PATHS = NO;
				CLANG_CXX_LANGUAGE_STANDARD = "gnu++0x";
				CLANG_CXX_LIBRARY = "libc++";
				CLANG_ENABLE_MODULES = YES;
				CLANG_ENABLE_OBJC_ARC = YES;
				CLANG_WARN_BOOL_CONVERSION = YES;
				CLANG_WARN_CONSTANT_CONVERSION = YES;
				CLANG_WARN_DIRECT_OBJC_ISA_USAGE = YES_ERROR;
				CLANG_WARN_EMPTY_BODY = YES;
				CLANG_WARN_ENUM_CONVERSION = YES;
				CLANG_WARN_INT_CONVERSION = YES;
				CLANG_WARN_OBJC_ROOT_CLASS = YES_ERROR;
				CLANG_WARN__DUPLICATE_METHOD_MATCH = YES;
				"CODE_SIGN_IDENTITY[sdk=iphoneos*]" = "iPhone Developer";
				COPY_PHASE_STRIP = NO;
				GCC_C_LANGUAGE_STANDARD = gnu99;
				GCC_DYNAMIC_NO_PIC = NO;
				GCC_OPTIMIZATION_LEVEL = 0;
				GCC_PREPROCESSOR_DEFINITIONS = (
					"DEBUG=1",
					"$(inherited)",
				);
				GCC_SYMBOLS_PRIVATE_EXTERN = NO;
				GCC_WARN_64_TO_32_BIT_CONVERSION = YES;
				GCC_WARN_ABOUT_RETURN_TYPE = YES_ERROR;
				GCC_WARN_UNDECLARED_SELECTOR = YES;
				GCC_WARN_UNINITIALIZED_AUTOS = YES_AGGRESSIVE;
				GCC_WARN_UNUSED_FUNCTION = YES;
				GCC_WARN_UNUSED_VARIABLE = YES;
				IPHONEOS_DEPLOYMENT_TARGET = 7.1;
				ONLY_ACTIVE_ARCH = YES;
				SDKROOT = iphoneos;
			};
			name = Debug;
		};
		5E0495EA19E3F57C0060E3DF /* Release */ = {
			isa = XCBuildConfiguration;
			buildSettings = {
				ALWAYS_SEARCH_USER_PATHS = NO;
				CLANG_CXX_LANGUAGE_STANDARD = "gnu++0x";
				CLANG_CXX_LIBRARY = "libc++";
				CLANG_ENABLE_MODULES = YES;
				CLANG_ENABLE_OBJC_ARC = YES;
				CLANG_WARN_BOOL_CONVERSION = YES;
				CLANG_WARN_CONSTANT_CONVERSION = YES;
				CLANG_WARN_DIRECT_OBJC_ISA_USAGE = YES_ERROR;
				CLANG_WARN_EMPTY_BODY = YES;
				CLANG_WARN_ENUM_CONVERSION = YES;
				CLANG_WARN_INT_CONVERSION = YES;
				CLANG_WARN_OBJC_ROOT_CLASS = YES_ERROR;
				CLANG_WARN__DUPLICATE_METHOD_MATCH = YES;
				"CODE_SIGN_IDENTITY[sdk=iphoneos*]" = "iPhone Developer";
				COPY_PHASE_STRIP = YES;
				ENABLE_NS_ASSERTIONS = NO;
				GCC_C_LANGUAGE_STANDARD = gnu99;
				GCC_WARN_64_TO_32_BIT_CONVERSION = YES;
				GCC_WARN_ABOUT_RETURN_TYPE = YES_ERROR;
				GCC_WARN_UNDECLARED_SELECTOR = YES;
				GCC_WARN_UNINITIALIZED_AUTOS = YES_AGGRESSIVE;
				GCC_WARN_UNUSED_FUNCTION = YES;
				GCC_WARN_UNUSED_VARIABLE = YES;
				IPHONEOS_DEPLOYMENT_TARGET = 7.1;
				SDKROOT = iphoneos;
				VALIDATE_PRODUCT = YES;
			};
			name = Release;
		};
		5E0495EC19E3F57C0060E3DF /* Debug */ = {
			isa = XCBuildConfiguration;
			buildSettings = {
				ASSETCATALOG_COMPILER_APPICON_NAME = AppIcon;
				ASSETCATALOG_COMPILER_LAUNCHIMAGE_NAME = LaunchImage;
				GCC_PRECOMPILE_PREFIX_HEADER = YES;
				GCC_PREFIX_HEADER = "Memorandum/Memorandum-Prefix.pch";
				INFOPLIST_FILE = "Memorandum/Memorandum-Info.plist";
				IPHONEOS_DEPLOYMENT_TARGET = 7.1;
				PRODUCT_NAME = "$(TARGET_NAME)";
				WRAPPER_EXTENSION = app;
			};
			name = Debug;
		};
		5E0495ED19E3F57C0060E3DF /* Release */ = {
			isa = XCBuildConfiguration;
			buildSettings = {
				ASSETCATALOG_COMPILER_APPICON_NAME = AppIcon;
				ASSETCATALOG_COMPILER_LAUNCHIMAGE_NAME = LaunchImage;
				GCC_PRECOMPILE_PREFIX_HEADER = YES;
				GCC_PREFIX_HEADER = "Memorandum/Memorandum-Prefix.pch";
				INFOPLIST_FILE = "Memorandum/Memorandum-Info.plist";
				IPHONEOS_DEPLOYMENT_TARGET = 7.1;
				PRODUCT_NAME = "$(TARGET_NAME)";
				WRAPPER_EXTENSION = app;
			};
			name = Release;
		};
		5E0495EF19E3F57C0060E3DF /* Debug */ = {
			isa = XCBuildConfiguration;
			buildSettings = {
				BUNDLE_LOADER = "$(BUILT_PRODUCTS_DIR)/Memorandum.app/Memorandum";
				FRAMEWORK_SEARCH_PATHS = (
					"$(SDKROOT)/Developer/Library/Frameworks",
					"$(inherited)",
					"$(DEVELOPER_FRAMEWORKS_DIR)",
				);
				GCC_PRECOMPILE_PREFIX_HEADER = YES;
				GCC_PREFIX_HEADER = "Memorandum/Memorandum-Prefix.pch";
				GCC_PREPROCESSOR_DEFINITIONS = (
					"DEBUG=1",
					"$(inherited)",
				);
				INFOPLIST_FILE = "MemorandumTests/MemorandumTests-Info.plist";
				PRODUCT_NAME = "$(TARGET_NAME)";
				TEST_HOST = "$(BUNDLE_LOADER)";
				WRAPPER_EXTENSION = xctest;
			};
			name = Debug;
		};
		5E0495F019E3F57C0060E3DF /* Release */ = {
			isa = XCBuildConfiguration;
			buildSettings = {
				BUNDLE_LOADER = "$(BUILT_PRODUCTS_DIR)/Memorandum.app/Memorandum";
				FRAMEWORK_SEARCH_PATHS = (
					"$(SDKROOT)/Developer/Library/Frameworks",
					"$(inherited)",
					"$(DEVELOPER_FRAMEWORKS_DIR)",
				);
				GCC_PRECOMPILE_PREFIX_HEADER = YES;
				GCC_PREFIX_HEADER = "Memorandum/Memorandum-Prefix.pch";
				INFOPLIST_FILE = "MemorandumTests/MemorandumTests-Info.plist";
				PRODUCT_NAME = "$(TARGET_NAME)";
				TEST_HOST = "$(BUNDLE_LOADER)";
				WRAPPER_EXTENSION = xctest;
			};
			name = Release;
		};
/* End XCBuildConfiguration section */

/* Begin XCConfigurationList section */
		5E0495B419E3F57C0060E3DF /* Build configuration list for PBXProject "Memorandum" */ = {
			isa = XCConfigurationList;
			buildConfigurations = (
				5E0495E919E3F57C0060E3DF /* Debug */,
				5E0495EA19E3F57C0060E3DF /* Release */,
			);
			defaultConfigurationIsVisible = 0;
			defaultConfigurationName = Release;
		};
		5E0495EB19E3F57C0060E3DF /* Build configuration list for PBXNativeTarget "Memorandum" */ = {
			isa = XCConfigurationList;
			buildConfigurations = (
				5E0495EC19E3F57C0060E3DF /* Debug */,
				5E0495ED19E3F57C0060E3DF /* Release */,
			);
			defaultConfigurationIsVisible = 0;
			defaultConfigurationName = Release;
		};
		5E0495EE19E3F57C0060E3DF /* Build configuration list for PBXNativeTarget "MemorandumTests" */ = {
			isa = XCConfigurationList;
			buildConfigurations = (
				5E0495EF19E3F57C0060E3DF /* Debug */,
				5E0495F019E3F57C0060E3DF /* Release */,
			);
			defaultConfigurationIsVisible = 0;
			defaultConfigurationName = Release;
		};
/* End XCConfigurationList section */
	};
	rootObject = 5E0495B119E3F57C0060E3DF /* Project object */;
}
